// !$*UTF8*$!
{
	archiveVersion = 1;
	classes = {
	};
	objectVersion = 46;
	objects = {

/* Begin PBXBuildFile section */
		51BA0FD6693946012146EF3C /* libPods-LFMixStreamDemo.a in Frameworks */ = {isa = PBXBuildFile; fileRef = 827BDB57E20762BF73CEB82F /* libPods-LFMixStreamDemo.a */; };
		837BCCCB1EBDEDF000F2F27E /* PlayerDelegate.m in Sources */ = {isa = PBXBuildFile; fileRef = 837BCCCA1EBDEDF000F2F27E /* PlayerDelegate.m */; };
		844BCB951D86D72E00CC357C /* main.m in Sources */ = {isa = PBXBuildFile; fileRef = 844BCB941D86D72E00CC357C /* main.m */; };
		844BCB981D86D72E00CC357C /* AppDelegate.m in Sources */ = {isa = PBXBuildFile; fileRef = 844BCB971D86D72E00CC357C /* AppDelegate.m */; };
		844BCB9B1D86D72E00CC357C /* ViewController.m in Sources */ = {isa = PBXBuildFile; fileRef = 844BCB9A1D86D72E00CC357C /* ViewController.m */; };
		844BCB9E1D86D72E00CC357C /* Main.storyboard in Resources */ = {isa = PBXBuildFile; fileRef = 844BCB9C1D86D72E00CC357C /* Main.storyboard */; };
		844BCBA01D86D72E00CC357C /* Assets.xcassets in Resources */ = {isa = PBXBuildFile; fileRef = 844BCB9F1D86D72E00CC357C /* Assets.xcassets */; };
		844BCBA31D86D72E00CC357C /* LaunchScreen.storyboard in Resources */ = {isa = PBXBuildFile; fileRef = 844BCBA11D86D72E00CC357C /* LaunchScreen.storyboard */; };
		84F746171D93A72800A30F00 /* libstdc++.tbd in Frameworks */ = {isa = PBXBuildFile; fileRef = 84FF811D1D879C7500E6635E /* libstdc++.tbd */; };
		84F746181D93A72D00A30F00 /* GLKit.framework in Frameworks */ = {isa = PBXBuildFile; fileRef = 84F31BB81D92853B00DA26FF /* GLKit.framework */; };
		84F746191D93A73700A30F00 /* libresolv.tbd in Frameworks */ = {isa = PBXBuildFile; fileRef = 84FF811B1D879C6E00E6635E /* libresolv.tbd */; };
		84FF810C1D87932C00E6635E /* LFPlayerTestView.m in Sources */ = {isa = PBXBuildFile; fileRef = 84FF810B1D87932C00E6635E /* LFPlayerTestView.m */; };
		84FF81331D87C69F00E6635E /* camra_preview@2x.png in Resources */ = {isa = PBXBuildFile; fileRef = 84FF81311D87C69F00E6635E /* camra_preview@2x.png */; };
		84FF81341D87C69F00E6635E /* camra_preview@3x.png in Resources */ = {isa = PBXBuildFile; fileRef = 84FF81321D87C69F00E6635E /* camra_preview@3x.png */; };
		84FF81371D87C71600E6635E /* LFLogTestView.m in Sources */ = {isa = PBXBuildFile; fileRef = 84FF81361D87C71600E6635E /* LFLogTestView.m */; };
		86C9FA671E12580D003517E3 /* start.jpeg in Resources */ = {isa = PBXBuildFile; fileRef = 86C9FA661E12580D003517E3 /* start.jpeg */; };
		B6079E7B1F38037800DE3FFC /* libiconv.tbd in Frameworks */ = {isa = PBXBuildFile; fileRef = 84F31BC91D9292BA00DA26FF /* libiconv.tbd */; };
		B6079E7E1F38129100DE3FFC /* VideoToolbox.framework in Frameworks */ = {isa = PBXBuildFile; fileRef = 84544F2D1D93878D009BD4EC /* VideoToolbox.framework */; };
		B6079E821F3AC47A00DE3FFC /* LFSessionTestView.m in Sources */ = {isa = PBXBuildFile; fileRef = B6079E811F3AC47A00DE3FFC /* LFSessionTestView.m */; };
		B6585BE41F21FC2700B490EA /* libengine_sdk.a in Frameworks */ = {isa = PBXBuildFile; fileRef = B6585BE31F21FC2700B490EA /* libengine_sdk.a */; };
		B6585C0D1F22282600B490EA /* AVFoundation.framework in Frameworks */ = {isa = PBXBuildFile; fileRef = 84FF812A1D879E5700E6635E /* AVFoundation.framework */; };
		B6CCAFB11F21B10C00B17B3E /* CoreMedia.framework in Frameworks */ = {isa = PBXBuildFile; fileRef = B6CCAFB01F21B10C00B17B3E /* CoreMedia.framework */; };
		B6CCAFB21F21B16600B17B3E /* AudioToolbox.framework in Frameworks */ = {isa = PBXBuildFile; fileRef = 84544F2B1D938787009BD4EC /* AudioToolbox.framework */; };
		B6CCAFB91F21BB3F00B17B3E /* libengineAdapter_sdk.a in Frameworks */ = {isa = PBXBuildFile; fileRef = B6CCAFB81F21BB3F00B17B3E /* libengineAdapter_sdk.a */; };
		F84F38D01E9C6C1B00F4ABDF /* MainViewController.m in Sources */ = {isa = PBXBuildFile; fileRef = F84F38CF1E9C6C1B00F4ABDF /* MainViewController.m */; };
		F84F38D31E9C76FA00F4ABDF /* InitViewController.m in Sources */ = {isa = PBXBuildFile; fileRef = F84F38D21E9C76FA00F4ABDF /* InitViewController.m */; };
		F84F39CE1E9CE45800F4ABDF /* libicucore.tbd in Frameworks */ = {isa = PBXBuildFile; fileRef = F84F39CD1E9CE45800F4ABDF /* libicucore.tbd */; };
/* End PBXBuildFile section */

/* Begin PBXFileReference section */
		62E52F7B76398AD9FC6E95B8 /* Pods-LFMixStreamDemo.debug.xcconfig */ = {isa = PBXFileReference; includeInIndex = 1; lastKnownFileType = text.xcconfig; name = "Pods-LFMixStreamDemo.debug.xcconfig"; path = "Pods/Target Support Files/Pods-LFMixStreamDemo/Pods-LFMixStreamDemo.debug.xcconfig"; sourceTree = "<group>"; };
		827BDB57E20762BF73CEB82F /* libPods-LFMixStreamDemo.a */ = {isa = PBXFileReference; explicitFileType = archive.ar; includeInIndex = 0; path = "libPods-LFMixStreamDemo.a"; sourceTree = BUILT_PRODUCTS_DIR; };
		837BCCC91EBDEDF000F2F27E /* PlayerDelegate.h */ = {isa = PBXFileReference; fileEncoding = 4; lastKnownFileType = sourcecode.c.h; path = PlayerDelegate.h; sourceTree = "<group>"; };
		837BCCCA1EBDEDF000F2F27E /* PlayerDelegate.m */ = {isa = PBXFileReference; fileEncoding = 4; lastKnownFileType = sourcecode.c.objc; path = PlayerDelegate.m; sourceTree = "<group>"; };
		844BCB901D86D72E00CC357C /* LFRTPDemo.app */ = {isa = PBXFileReference; explicitFileType = wrapper.application; includeInIndex = 0; path = LFRTPDemo.app; sourceTree = BUILT_PRODUCTS_DIR; };
		844BCB941D86D72E00CC357C /* main.m */ = {isa = PBXFileReference; lastKnownFileType = sourcecode.c.objc; path = main.m; sourceTree = "<group>"; };
		844BCB961D86D72E00CC357C /* AppDelegate.h */ = {isa = PBXFileReference; lastKnownFileType = sourcecode.c.h; path = AppDelegate.h; sourceTree = "<group>"; };
		844BCB971D86D72E00CC357C /* AppDelegate.m */ = {isa = PBXFileReference; lastKnownFileType = sourcecode.c.objc; path = AppDelegate.m; sourceTree = "<group>"; };
		844BCB991D86D72E00CC357C /* ViewController.h */ = {isa = PBXFileReference; lastKnownFileType = sourcecode.c.h; path = ViewController.h; sourceTree = "<group>"; };
		844BCB9A1D86D72E00CC357C /* ViewController.m */ = {isa = PBXFileReference; lastKnownFileType = sourcecode.c.objc; path = ViewController.m; sourceTree = "<group>"; };
		844BCB9D1D86D72E00CC357C /* Base */ = {isa = PBXFileReference; lastKnownFileType = file.storyboard; name = Base; path = Base.lproj/Main.storyboard; sourceTree = "<group>"; };
		844BCB9F1D86D72E00CC357C /* Assets.xcassets */ = {isa = PBXFileReference; lastKnownFileType = folder.assetcatalog; path = Assets.xcassets; sourceTree = "<group>"; };
		844BCBA21D86D72E00CC357C /* Base */ = {isa = PBXFileReference; lastKnownFileType = file.storyboard; name = Base; path = Base.lproj/LaunchScreen.storyboard; sourceTree = "<group>"; };
		844BCBA41D86D72E00CC357C /* Info.plist */ = {isa = PBXFileReference; lastKnownFileType = text.plist.xml; path = Info.plist; sourceTree = "<group>"; };
		84544DF51D937AE3009BD4EC /* libbz2.1.0.tbd */ = {isa = PBXFileReference; lastKnownFileType = "sourcecode.text-based-dylib-definition"; name = libbz2.1.0.tbd; path = usr/lib/libbz2.1.0.tbd; sourceTree = SDKROOT; };
		84544F251D938773009BD4EC /* Accelerate.framework */ = {isa = PBXFileReference; lastKnownFileType = wrapper.framework; name = Accelerate.framework; path = System/Library/Frameworks/Accelerate.framework; sourceTree = SDKROOT; };
		84544F271D93877A009BD4EC /* ImageIO.framework */ = {isa = PBXFileReference; lastKnownFileType = wrapper.framework; name = ImageIO.framework; path = System/Library/Frameworks/ImageIO.framework; sourceTree = SDKROOT; };
		84544F291D938780009BD4EC /* MapKit.framework */ = {isa = PBXFileReference; lastKnownFileType = wrapper.framework; name = MapKit.framework; path = System/Library/Frameworks/MapKit.framework; sourceTree = SDKROOT; };
		84544F2B1D938787009BD4EC /* AudioToolbox.framework */ = {isa = PBXFileReference; lastKnownFileType = wrapper.framework; name = AudioToolbox.framework; path = System/Library/Frameworks/AudioToolbox.framework; sourceTree = SDKROOT; };
		84544F2D1D93878D009BD4EC /* VideoToolbox.framework */ = {isa = PBXFileReference; lastKnownFileType = wrapper.framework; name = VideoToolbox.framework; path = System/Library/Frameworks/VideoToolbox.framework; sourceTree = SDKROOT; };
		84544F301D93879A009BD4EC /* CoreGraphics.framework */ = {isa = PBXFileReference; lastKnownFileType = wrapper.framework; name = CoreGraphics.framework; path = System/Library/Frameworks/CoreGraphics.framework; sourceTree = SDKROOT; };
		84F31BB81D92853B00DA26FF /* GLKit.framework */ = {isa = PBXFileReference; lastKnownFileType = wrapper.framework; name = GLKit.framework; path = System/Library/Frameworks/GLKit.framework; sourceTree = SDKROOT; };
		84F31BC71D9292AC00DA26FF /* libc++.tbd */ = {isa = PBXFileReference; lastKnownFileType = "sourcecode.text-based-dylib-definition"; name = "libc++.tbd"; path = "usr/lib/libc++.tbd"; sourceTree = SDKROOT; };
		84F31BC91D9292BA00DA26FF /* libiconv.tbd */ = {isa = PBXFileReference; lastKnownFileType = "sourcecode.text-based-dylib-definition"; name = libiconv.tbd; path = usr/lib/libiconv.tbd; sourceTree = SDKROOT; };
		84F31BCB1D9292CD00DA26FF /* MediaPlayer.framework */ = {isa = PBXFileReference; lastKnownFileType = wrapper.framework; name = MediaPlayer.framework; path = System/Library/Frameworks/MediaPlayer.framework; sourceTree = SDKROOT; };
		84FF810A1D87932C00E6635E /* LFPlayerTestView.h */ = {isa = PBXFileReference; fileEncoding = 4; lastKnownFileType = sourcecode.c.h; path = LFPlayerTestView.h; sourceTree = "<group>"; };
		84FF810B1D87932C00E6635E /* LFPlayerTestView.m */ = {isa = PBXFileReference; fileEncoding = 4; lastKnownFileType = sourcecode.c.objc; path = LFPlayerTestView.m; sourceTree = "<group>"; };
		84FF81191D879C6700E6635E /* libz.tbd */ = {isa = PBXFileReference; lastKnownFileType = "sourcecode.text-based-dylib-definition"; name = libz.tbd; path = usr/lib/libz.tbd; sourceTree = SDKROOT; };
		84FF811B1D879C6E00E6635E /* libresolv.tbd */ = {isa = PBXFileReference; lastKnownFileType = "sourcecode.text-based-dylib-definition"; name = libresolv.tbd; path = usr/lib/libresolv.tbd; sourceTree = SDKROOT; };
		84FF811D1D879C7500E6635E /* libstdc++.tbd */ = {isa = PBXFileReference; lastKnownFileType = "sourcecode.text-based-dylib-definition"; name = "libstdc++.tbd"; path = "usr/lib/libstdc++.tbd"; sourceTree = SDKROOT; };
		84FF81261D879DDE00E6635E /* Foundation.framework */ = {isa = PBXFileReference; lastKnownFileType = wrapper.framework; name = Foundation.framework; path = System/Library/Frameworks/Foundation.framework; sourceTree = SDKROOT; };
		84FF81281D879DE400E6635E /* UIKit.framework */ = {isa = PBXFileReference; lastKnownFileType = wrapper.framework; name = UIKit.framework; path = System/Library/Frameworks/UIKit.framework; sourceTree = SDKROOT; };
		84FF812A1D879E5700E6635E /* AVFoundation.framework */ = {isa = PBXFileReference; lastKnownFileType = wrapper.framework; name = AVFoundation.framework; path = System/Library/Frameworks/AVFoundation.framework; sourceTree = SDKROOT; };
		84FF81311D87C69F00E6635E /* camra_preview@2x.png */ = {isa = PBXFileReference; lastKnownFileType = image.png; path = "camra_preview@2x.png"; sourceTree = "<group>"; };
		84FF81321D87C69F00E6635E /* camra_preview@3x.png */ = {isa = PBXFileReference; lastKnownFileType = image.png; path = "camra_preview@3x.png"; sourceTree = "<group>"; };
		84FF81351D87C71600E6635E /* LFLogTestView.h */ = {isa = PBXFileReference; fileEncoding = 4; lastKnownFileType = sourcecode.c.h; path = LFLogTestView.h; sourceTree = "<group>"; };
		84FF81361D87C71600E6635E /* LFLogTestView.m */ = {isa = PBXFileReference; fileEncoding = 4; lastKnownFileType = sourcecode.c.objc; path = LFLogTestView.m; sourceTree = "<group>"; };
		86C9FA661E12580D003517E3 /* start.jpeg */ = {isa = PBXFileReference; lastKnownFileType = image.jpeg; path = start.jpeg; sourceTree = "<group>"; };
		B6079E801F3AC47A00DE3FFC /* LFSessionTestView.h */ = {isa = PBXFileReference; fileEncoding = 4; lastKnownFileType = sourcecode.c.h; path = LFSessionTestView.h; sourceTree = "<group>"; };
		B6079E811F3AC47A00DE3FFC /* LFSessionTestView.m */ = {isa = PBXFileReference; fileEncoding = 4; lastKnownFileType = sourcecode.c.objc; path = LFSessionTestView.m; sourceTree = "<group>"; };
		B6585BE31F21FC2700B490EA /* libengine_sdk.a */ = {isa = PBXFileReference; lastKnownFileType = archive.ar; name = libengine_sdk.a; path = "../../../../../../Library/Developer/Xcode/DerivedData/LFMixStreamDemo-fvsxwtxfzdlyavgmvqnubgikcsfd/Build/Products/Debug-iphoneos/libengine_sdk.a"; sourceTree = "<group>"; };
		B6CCAFAD1F21B06B00B17B3E /* CoreVideo.framework */ = {isa = PBXFileReference; lastKnownFileType = wrapper.framework; name = CoreVideo.framework; path = System/Library/Frameworks/CoreVideo.framework; sourceTree = SDKROOT; };
		B6CCAFB01F21B10C00B17B3E /* CoreMedia.framework */ = {isa = PBXFileReference; lastKnownFileType = wrapper.framework; name = CoreMedia.framework; path = System/Library/Frameworks/CoreMedia.framework; sourceTree = SDKROOT; };
		B6CCAFB81F21BB3F00B17B3E /* libengineAdapter_sdk.a */ = {isa = PBXFileReference; lastKnownFileType = archive.ar; name = libengineAdapter_sdk.a; path = "../../../../../../Library/Developer/Xcode/DerivedData/LFMixStreamDemo-fvsxwtxfzdlyavgmvqnubgikcsfd/Build/Products/Debug-iphoneos/libengineAdapter_sdk.a"; sourceTree = "<group>"; };
		C799DA7166B27F3B5EC18738 /* Pods-LFMixStreamDemo.release.xcconfig */ = {isa = PBXFileReference; includeInIndex = 1; lastKnownFileType = text.xcconfig; name = "Pods-LFMixStreamDemo.release.xcconfig"; path = "Pods/Target Support Files/Pods-LFMixStreamDemo/Pods-LFMixStreamDemo.release.xcconfig"; sourceTree = "<group>"; };
		F84A63581E9BBE9300049C9E /* MainViewController.h */ = {isa = PBXFileReference; fileEncoding = 4; lastKnownFileType = sourcecode.c.h; path = MainViewController.h; sourceTree = "<group>"; };
		F84F38CF1E9C6C1B00F4ABDF /* MainViewController.m */ = {isa = PBXFileReference; fileEncoding = 4; lastKnownFileType = sourcecode.c.objc; path = MainViewController.m; sourceTree = "<group>"; };
		F84F38D11E9C76FA00F4ABDF /* InitViewController.h */ = {isa = PBXFileReference; fileEncoding = 4; lastKnownFileType = sourcecode.c.h; path = InitViewController.h; sourceTree = "<group>"; };
		F84F38D21E9C76FA00F4ABDF /* InitViewController.m */ = {isa = PBXFileReference; fileEncoding = 4; lastKnownFileType = sourcecode.c.objc; path = InitViewController.m; sourceTree = "<group>"; };
		F84F39CD1E9CE45800F4ABDF /* libicucore.tbd */ = {isa = PBXFileReference; lastKnownFileType = "sourcecode.text-based-dylib-definition"; name = libicucore.tbd; path = usr/lib/libicucore.tbd; sourceTree = SDKROOT; };
/* End PBXFileReference section */

/* Begin PBXFrameworksBuildPhase section */
		844BCB8D1D86D72E00CC357C /* Frameworks */ = {
			isa = PBXFrameworksBuildPhase;
			buildActionMask = 2147483647;
			files = (
				B6079E7E1F38129100DE3FFC /* VideoToolbox.framework in Frameworks */,
				B6079E7B1F38037800DE3FFC /* libiconv.tbd in Frameworks */,
				B6585C0D1F22282600B490EA /* AVFoundation.framework in Frameworks */,
				B6585BE41F21FC2700B490EA /* libengine_sdk.a in Frameworks */,
				B6CCAFB91F21BB3F00B17B3E /* libengineAdapter_sdk.a in Frameworks */,
				B6CCAFB21F21B16600B17B3E /* AudioToolbox.framework in Frameworks */,
				B6CCAFB11F21B10C00B17B3E /* CoreMedia.framework in Frameworks */,
				F84F39CE1E9CE45800F4ABDF /* libicucore.tbd in Frameworks */,
				84F746191D93A73700A30F00 /* libresolv.tbd in Frameworks */,
				84F746181D93A72D00A30F00 /* GLKit.framework in Frameworks */,
				84F746171D93A72800A30F00 /* libstdc++.tbd in Frameworks */,
				51BA0FD6693946012146EF3C /* libPods-LFMixStreamDemo.a in Frameworks */,
			);
			runOnlyForDeploymentPostprocessing = 0;
		};
/* End PBXFrameworksBuildPhase section */

/* Begin PBXGroup section */
		7BF45913E15FC267D8D4F48D /* Frameworks */ = {
			isa = PBXGroup;
			children = (
				B6585BE31F21FC2700B490EA /* libengine_sdk.a */,
				B6CCAFB81F21BB3F00B17B3E /* libengineAdapter_sdk.a */,
				B6CCAFB01F21B10C00B17B3E /* CoreMedia.framework */,
				B6CCAFAD1F21B06B00B17B3E /* CoreVideo.framework */,
				F84F39CD1E9CE45800F4ABDF /* libicucore.tbd */,
				84544F301D93879A009BD4EC /* CoreGraphics.framework */,
				84544F2D1D93878D009BD4EC /* VideoToolbox.framework */,
				84544F2B1D938787009BD4EC /* AudioToolbox.framework */,
				84544F291D938780009BD4EC /* MapKit.framework */,
				84544F271D93877A009BD4EC /* ImageIO.framework */,
				84544F251D938773009BD4EC /* Accelerate.framework */,
				84544DF51D937AE3009BD4EC /* libbz2.1.0.tbd */,
				84F31BCB1D9292CD00DA26FF /* MediaPlayer.framework */,
				84F31BC91D9292BA00DA26FF /* libiconv.tbd */,
				84F31BC71D9292AC00DA26FF /* libc++.tbd */,
				84F31BB81D92853B00DA26FF /* GLKit.framework */,
				84FF812A1D879E5700E6635E /* AVFoundation.framework */,
				84FF81281D879DE400E6635E /* UIKit.framework */,
				84FF81261D879DDE00E6635E /* Foundation.framework */,
				84FF811D1D879C7500E6635E /* libstdc++.tbd */,
				84FF811B1D879C6E00E6635E /* libresolv.tbd */,
				84FF81191D879C6700E6635E /* libz.tbd */,
				827BDB57E20762BF73CEB82F /* libPods-LFMixStreamDemo.a */,
			);
			name = Frameworks;
			sourceTree = "<group>";
		};
		844BCB871D86D72E00CC357C = {
			isa = PBXGroup;
			children = (
				844BCB921D86D72E00CC357C /* LFMixStreamDemo */,
				844BCB911D86D72E00CC357C /* Products */,
				F45048914A457682CFA7AF4D /* Pods */,
				7BF45913E15FC267D8D4F48D /* Frameworks */,
			);
			sourceTree = "<group>";
		};
		844BCB911D86D72E00CC357C /* Products */ = {
			isa = PBXGroup;
			children = (
				844BCB901D86D72E00CC357C /* LFRTPDemo.app */,
			);
			name = Products;
			sourceTree = "<group>";
		};
		844BCB921D86D72E00CC357C /* LFMixStreamDemo */ = {
			isa = PBXGroup;
			children = (
				B6079E801F3AC47A00DE3FFC /* LFSessionTestView.h */,
				B6079E811F3AC47A00DE3FFC /* LFSessionTestView.m */,
				844BCB961D86D72E00CC357C /* AppDelegate.h */,
				844BCB971D86D72E00CC357C /* AppDelegate.m */,
				F84A63581E9BBE9300049C9E /* MainViewController.h */,
				F84F38CF1E9C6C1B00F4ABDF /* MainViewController.m */,
				F84F38D11E9C76FA00F4ABDF /* InitViewController.h */,
				F84F38D21E9C76FA00F4ABDF /* InitViewController.m */,
				837BCCC91EBDEDF000F2F27E /* PlayerDelegate.h */,
				837BCCCA1EBDEDF000F2F27E /* PlayerDelegate.m */,
				844BCB991D86D72E00CC357C /* ViewController.h */,
				844BCB9A1D86D72E00CC357C /* ViewController.m */,
				84FF81351D87C71600E6635E /* LFLogTestView.h */,
				84FF81361D87C71600E6635E /* LFLogTestView.m */,
				84FF810A1D87932C00E6635E /* LFPlayerTestView.h */,
				84FF810B1D87932C00E6635E /* LFPlayerTestView.m */,
				844BCB9C1D86D72E00CC357C /* Main.storyboard */,
				844BCB9F1D86D72E00CC357C /* Assets.xcassets */,
				844BCBA11D86D72E00CC357C /* LaunchScreen.storyboard */,
				844BCBA41D86D72E00CC357C /* Info.plist */,
				844BCB931D86D72E00CC357C /* Supporting Files */,
			);
			path = LFMixStreamDemo;
			sourceTree = "<group>";
		};
		844BCB931D86D72E00CC357C /* Supporting Files */ = {
			isa = PBXGroup;
			children = (
				84FF81301D87C69F00E6635E /* images */,
				844BCB941D86D72E00CC357C /* main.m */,
			);
			name = "Supporting Files";
			sourceTree = "<group>";
		};
		84FF81301D87C69F00E6635E /* images */ = {
			isa = PBXGroup;
			children = (
				86C9FA661E12580D003517E3 /* start.jpeg */,
				84FF81311D87C69F00E6635E /* camra_preview@2x.png */,
				84FF81321D87C69F00E6635E /* camra_preview@3x.png */,
			);
			path = images;
			sourceTree = "<group>";
		};
		F45048914A457682CFA7AF4D /* Pods */ = {
			isa = PBXGroup;
			children = (
				62E52F7B76398AD9FC6E95B8 /* Pods-LFMixStreamDemo.debug.xcconfig */,
				C799DA7166B27F3B5EC18738 /* Pods-LFMixStreamDemo.release.xcconfig */,
			);
			name = Pods;
			sourceTree = "<group>";
		};
/* End PBXGroup section */

/* Begin PBXNativeTarget section */
		844BCB8F1D86D72E00CC357C /* LFMixStreamDemo */ = {
			isa = PBXNativeTarget;
			buildConfigurationList = 844BCBA71D86D72E00CC357C /* Build configuration list for PBXNativeTarget "LFMixStreamDemo" */;
			buildPhases = (
				991B351A579C7F665A035EDF /* [CP] Check Pods Manifest.lock */,
				844BCB8C1D86D72E00CC357C /* Sources */,
				844BCB8D1D86D72E00CC357C /* Frameworks */,
				844BCB8E1D86D72E00CC357C /* Resources */,
				3913A3CD8163FDF71B9A0BF9 /* [CP] Embed Pods Frameworks */,
				8767F4EE3793B560DB7DBB24 /* [CP] Copy Pods Resources */,
				86C9FA601E10CE25003517E3 /* ShellScript */,
			);
			buildRules = (
			);
			dependencies = (
			);
			name = LFMixStreamDemo;
			productName = LFMixStreamDemo;
			productReference = 844BCB901D86D72E00CC357C /* LFRTPDemo.app */;
			productType = "com.apple.product-type.application";
		};
/* End PBXNativeTarget section */

/* Begin PBXProject section */
		844BCB881D86D72E00CC357C /* Project object */ = {
			isa = PBXProject;
			attributes = {
				LastUpgradeCheck = 0820;
				ORGANIZATIONNAME = admin;
				TargetAttributes = {
					844BCB8F1D86D72E00CC357C = {
						CreatedOnToolsVersion = 7.3.1;
						DevelopmentTeam = AFHC6567GP;
						LastSwiftMigration = 0820;
						ProvisioningStyle = Automatic;
						SystemCapabilities = {
							com.apple.BackgroundModes = {
								enabled = 0;
							};
						};
					};
				};
			};
			buildConfigurationList = 844BCB8B1D86D72E00CC357C /* Build configuration list for PBXProject "LFMixStreamDemo" */;
			compatibilityVersion = "Xcode 3.2";
			developmentRegion = English;
			hasScannedForEncodings = 0;
			knownRegions = (
				en,
				Base,
			);
			mainGroup = 844BCB871D86D72E00CC357C;
			productRefGroup = 844BCB911D86D72E00CC357C /* Products */;
			projectDirPath = "";
			projectRoot = "";
			targets = (
				844BCB8F1D86D72E00CC357C /* LFMixStreamDemo */,
			);
		};
/* End PBXProject section */

/* Begin PBXResourcesBuildPhase section */
		844BCB8E1D86D72E00CC357C /* Resources */ = {
			isa = PBXResourcesBuildPhase;
			buildActionMask = 2147483647;
			files = (
				84FF81341D87C69F00E6635E /* camra_preview@3x.png in Resources */,
				844BCBA31D86D72E00CC357C /* LaunchScreen.storyboard in Resources */,
				844BCBA01D86D72E00CC357C /* Assets.xcassets in Resources */,
				84FF81331D87C69F00E6635E /* camra_preview@2x.png in Resources */,
				86C9FA671E12580D003517E3 /* start.jpeg in Resources */,
				844BCB9E1D86D72E00CC357C /* Main.storyboard in Resources */,
			);
			runOnlyForDeploymentPostprocessing = 0;
		};
/* End PBXResourcesBuildPhase section */

/* Begin PBXShellScriptBuildPhase section */
		3913A3CD8163FDF71B9A0BF9 /* [CP] Embed Pods Frameworks */ = {
			isa = PBXShellScriptBuildPhase;
			buildActionMask = 2147483647;
			files = (
			);
			inputPaths = (
			);
			name = "[CP] Embed Pods Frameworks";
			outputPaths = (
			);
			runOnlyForDeploymentPostprocessing = 0;
			shellPath = /bin/sh;
			shellScript = "\"${SRCROOT}/Pods/Target Support Files/Pods-LFMixStreamDemo/Pods-LFMixStreamDemo-frameworks.sh\"\n";
			showEnvVarsInLog = 0;
		};
		86C9FA601E10CE25003517E3 /* ShellScript */ = {
			isa = PBXShellScriptBuildPhase;
			buildActionMask = 2147483647;
			files = (
			);
			inputPaths = (
			);
			outputPaths = (
			);
			runOnlyForDeploymentPostprocessing = 0;
			shellPath = /bin/sh;
			shellScript = "#!/bin/sh\n#\n# Copyright 2016 Bugly, Tencent. All rights reserved.\n#\n# V1.4.0\n#\n# 2016.08.03\n#\n#\n#\n######################################################\n# 1. 脚本集成到Xcode工程的Target\n######################################################\n#\n# --- Copy the SCRIPT to the Run Script of Build Phases in the Xcode project ---\n#\n# #\nBUGLY_APP_ID=\"46e1794d0a\"\n# #\nBUGLY_APP_KEY=\"40e86700-d1f4-443f-9c70-eaff14926678\"\n# #\nBUNDLE_IDENTIFIER=\"com.youku.laifengrtc\"\n# #\nUPLOAD_DSYM_ONLY=0\n#\n# # 脚本默认配置的版本格式为CFBundleShortVersionString(CFBundleVersion),  如果你修改默认的版本格式, 请设置此变量, 如果不想修改, 请忽略此设置\n# CUSTOMIZED_APP_VERSION=\"\"\n#\n# # Debug模式编译是否上传，1＝上传 0＝不上传，默认不上传\nUPLOAD_DEBUG_SYMBOLS=0\n#\n# # 模拟器编译是否上传，1=上传 0=不上传，默认不上传\nUPLOAD_SIMULATOR_SYMBOLS=0\n#\n# #只有Archive操作时上传, 1=支持Archive上传 0=所有Release模式编译都上传\n# UPLOAD_ARCHIVE_ONLY=0\n#\n# #\n# source dSYMUpload.sh\n#\n# --- END OF SCRIPT ---\n#\n#\n#\n#\n#######################################################\n# 2. 脚本根据输入参数处理\n#######################################################\n#\n# #命令行下输入应用基本信息, .dSYM文件的父目录路径, 输出文件目录即可\n#\n# sh dSYMUpload.sh <bugly_app_id> <bugly_app_key> <app_bundle_identifier> <app_version> <dSYM_src_dir> <bSYMBOL_dest_dir>\n#\n# #\n#\n# #注意:\n# # 1. dSYMUpload.sh会调用buglySymboliOS.jar进行.dSYM解析，所以依赖Java运行时环境\n# # 2. dSYMUpload.sh和buglySymboliOS.jar的文件路径需一致\n#\n#\n\n#\n# --- CONTENT OF SCRIPT ---\n#\n\n# Bugly服务域名\nBUGLY_DSYM_UPLOAD_DOMAIN=\"api.bugly.qq.com\"\n\n# 注意jar工具的路径跟dSYMUpload.sh脚本路径一致, 请务必保证jar路径的正确性\nBUGLY_SYMBOL_JAR_PATH=\"dsymtool/buglySymboliOS.jar\"\n# 查找添加到系统目录的jar工具\nif [ ! -f \"${BUGLY_SYMBOL_JAR_PATH}\" ]; then\nBUGLY_SYMBOL_JAR_PATH=\"$HOME/bin/buglySymboliOS.jar\"\nfi\n\n# 打印错误信息\nfunction exitWithMessage(){\n    echo \"--------------------------------\"\n    echo \"${1}\"\n    echo \"--------------------------------\"\n    exit ${2}\n}\n\n# 上传bSYMBOL文件\nfunction dSYMUpload() {\n    P_APP_ID=\"$1\"\n    P_APP_KEY=\"$2\"\n    P_APP_BUNDLE_ID=\"$3\"\n    P_APP_VERSION=\"$4\"\n    P_BSYMBOL_ZIP_FILE=\"$5\"\n    \n    #\n    P_BSYMBOL_ZIP_FILE_NAME=${P_BSYMBOL_ZIP_FILE##*/}\n        P_BSYMBOL_ZIP_FILE_NAME=${P_BSYMBOL_ZIP_FILE_NAME//&/_}\n            P_BSYMBOL_ZIP_FILE_NAME=\"${P_BSYMBOL_ZIP_FILE_NAME// /_}\"\n            \n            DSYM_UPLOAD_URL=\"https://${BUGLY_DSYM_UPLOAD_DOMAIN}/openapi/file/upload/symbol?app_id=${P_APP_ID}&app_key=${P_APP_KEY}\"\n            echo \"dSYM upload url: ${DSYM_UPLOAD_URL}\"\n            \n            echo \"-----------------------------\"\n            STATUS=$(/usr/bin/curl -k \"${DSYM_UPLOAD_URL}\" --form \"api_version=1\" --form \"app_id=${P_APP_ID}\" --form \"app_key=${P_APP_KEY}\" --form \"symbolType=2\"  --form \"bundleId=${BUNDLE_IDENTIFIER}\" --form \"productVersion=${BUGLY_APP_VERSION}\" --form \"fileName=${P_BSYMBOL_ZIP_FILE_NAME}\" --form \"file=@${P_BSYMBOL_ZIP_FILE}\" --verbose)\n            echo \"-----------------------------\"\n            \n            UPLOAD_RESULT=\"FAILTURE\"\n            echo \"Bugly server response: ${STATUS}\"\n            if [ ! \"${STATUS}\" ]; then\n            echo \"Error: Failed to upload the zip archive file.\"\n            elif [[ \"${STATUS}\" == *\"{\\\"reponseCode\\\":\\\"0\\\"}\"* ]]; then\n            echo \"Success to upload the dSYM for the app [${BUNDLE_IDENTIFIER} ${BUGLY_APP_VERSION}]\"\n            UPLOAD_RESULT=\"SUCCESS\"\n            else\n            echo \"Error: Failed to upload the zip archive file to Bugly.\"\n            fi\n            \n            #Remove temp dSYM archive\n            #echo \"Remove temporary zip archive: ${DSYM_ZIP_FPATH}\"\n            #/bin/rm -f \"${DSYM_ZIP_FPATH}\"\n            \n            if [ \"$?\" -ne 0 ]; then\n            exitWithMessage \"Error: Failed to remove temporary zip archive.\" 0\n            fi\n            \n            echo \"--------------------------------\"\n            echo \"${UPLOAD_RESULT} - dSYM upload complete.\"\n            \n            if [[ \"${UPLOAD_RESULT}\" == \"FAILTURE\" ]]; then\n            echo \"--------------------------------\"\n            echo \"Failed to upload the dSYM\"\n            echo \"Please check the script and try it again.\"\n            fi\n        }\n        \n        # .dSYM解析为bSYMBOL文件\n        function dSYMParse() {\n            DSYM_FILE=\"$1\"\n            DSYM_SYMBOL_FILE=\"$2\"\n            \n            echo \"--------------------------------\"\n            echo \"Extract symbol info from .dSYM file. to ${DSYM_SYMBOL_FILE}\"\n            (/usr/bin/java -Xms512m -Xmx1024m -Dfile.encoding=UTF8 -jar \"${BUGLY_SYMBOL_JAR_PATH}\" -i \"${DSYM_FILE}\" -o \"${DSYM_SYMBOL_FILE}\" ) || exitWithMessage \"Error: Failed to extract symbols.\" 1\n            echo \"--------------------------------\"\n            \n        }\n        \n        # 执行\n        function run() {\n            \n            CONFIG_BUGLY_APP_ID=\"$1\"\n            CONFIG_BUGLY_APP_KEY=\"$2\"\n            \n            CONFIG_BUGLY_APP_BUNDLE_IDENTIFIER=\"$3\"\n            CONFIG_BUGLY_APP_VERSION=\"$4\"\n            CONFIG_DSYM_SOURCE_DIR=\"$5\"\n            CONFIG_DSYM_DEST_DIR=\"$6\"\n            CONFIG_UPLOAD_DSYM_ONLY=\"$7\"\n            \n            # 检查必须参数是否设置\n            if [ ! \"${CONFIG_BUGLY_APP_ID}\" ]; then\n            exitWithMessage \"Error: Bugly App ID not defined. Please set 'BUGLY_APP_ID' \" 0\n            fi\n            \n            if [[ \"${CONFIG_BUGLY_APP_ID}\" == *\"App ID\"* ]]; then\n            exitWithMessage \"Error: Bugly App ID not defined.\" 0\n            fi\n            \n            if [ ! \"${CONFIG_BUGLY_APP_KEY}\" ]; then\n            exitWithMessage \"Error: Bugly App Key not defined.\" 0\n            fi\n            \n            if [ ! \"${CONFIG_BUGLY_APP_BUNDLE_IDENTIFIER}\" ]; then\n            exitWithMessage \"Error: Bundle Identifier not defined.\" 0\n            fi\n            \n            if [ ! \"${CONFIG_BUGLY_APP_VERSION}\" ]; then\n            exitWithMessage \"Error: App Version not defined.\" 0\n            fi\n            \n            if [ ! -e \"${CONFIG_DSYM_SOURCE_DIR}\" ]; then\n            exitWithMessage \"Error: Invalid dir ${CONFIG_DSYM_SOURCE_DIR}\" 0\n            fi\n            \n            if [ ! \"${CONFIG_DSYM_DEST_DIR}\" ]; then\n            exitWithMessage \"Error: Invalid dir ${CONFIG_DSYM_DEST_DIR}\" 0\n            fi\n            \n            if [ ! -e \"${CONFIG_DSYM_DEST_DIR}\" ]; then\n            mkdir ${CONFIG_DSYM_DEST_DIR}\n            fi\n            \n            DSYM_FOLDER=\"${CONFIG_DSYM_SOURCE_DIR}\"\n            IFS=$'\\n'\n            \n            echo \"Scaning dSYM FOLDER: ${DSYM_FOLDER} ...\"\n            RET=\"F\"\n            \n            #\n            for dsymFile in $(find \"$DSYM_FOLDER\" -name '*.dSYM'); do\n            RET=\"T\"\n            echo \"Found dSYM file: $dsymFile\"\n            \n            DSYM_FILE_NAME=${dsymFile##*/}\n                DSYM_SYMBOL_ZIP_FILE_NAME=\"${DSYM_FILE_NAME}.zip\"\n                DSYM_SYMBOL_ZIP_FILE_NAME=\"${DSYM_SYMBOL_ZIP_FILE_NAME// /_}\"\n                DSYM_SYMBOL_ZIP_FILE=${CONFIG_DSYM_DEST_DIR}/${DSYM_SYMBOL_ZIP_FILE_NAME}\n                \n                if [ $CONFIG_UPLOAD_DSYM_ONLY -eq 1 ]; then\n                if [ -e $DSYM_SYMBOL_ZIP_FILE ]; then\n                rm -f $DSYM_SYMBOL_ZIP_FILE\n                fi\n                # 如果只上传dSYM，直接压缩dSYM目录\n                zip -r -j $DSYM_SYMBOL_ZIP_FILE $dsymFile -x *.plist\n                else\n                # 使用符号表工具来生成Symbol文件\n                dSYMParse $dsymFile $DSYM_SYMBOL_ZIP_FILE\n                fi\n                \n                # 上传\n                dSYMUpload $CONFIG_BUGLY_APP_ID $CONFIG_BUGLY_APP_KEY $CONFIG_BUGLY_APP_BUNDLE_IDENTIFIER $CONFIG_BUGLY_APP_VERSION $DSYM_SYMBOL_ZIP_FILE\n                done\n                \n                if [ $RET = \"F\" ]; then\n                exitWithMessage \"No .dSYM found in ${DSYM_FOLDER}\" 0\n                fi\n            }\n            \n            # 在Xcode工程中执行\n            function runInXcode(){\n                echo \"Uploading dSYM to Bugly in Xcode ...\"\n                \n                echo \"Info.Plist : ${INFOPLIST_FILE}\"\n                \n                BUNDLE_VERSION=$(/usr/libexec/PlistBuddy -c 'Print CFBundleVersion' \"${INFOPLIST_FILE}\")\n                BUNDLE_SHORT_VERSION=$(/usr/libexec/PlistBuddy -c 'Print CFBundleShortVersionString' \"${INFOPLIST_FILE}\")\n                \n                # 组装Bugly默认识别的版本信息(格式为CFBundleShortVersionString(CFBundleVersion), 例如: 1.0(1))\n                if [ ! \"${CUSTOMIZED_APP_VERSION}\" ]; then\n                BUGLY_APP_VERSION=\"${BUNDLE_SHORT_VERSION}(${BUNDLE_VERSION})\"\n                else\n                BUGLY_APP_VERSION=\"${CUSTOMIZED_APP_VERSION}\"\n                fi\n                \n                echo \"--------------------------------\"\n                echo \"Prepare application information.\"\n                echo \"--------------------------------\"\n                \n                echo \"Product Name: ${PRODUCT_NAME}\"\n                echo \"Bundle Identifier: ${BUNDLE_IDENTIFIER}\"\n                echo \"Version: ${BUNDLE_SHORT_VERSION}\"\n                echo \"Build: ${BUNDLE_VERSION}\"\n                \n                echo \"Bugly App ID: ${BUGLY_APP_ID}\"\n                echo \"Bugly App key: ${BUGLY_APP_KEY}\"\n                echo \"Bugly App Version: ${BUGLY_APP_VERSION}\"\n                \n                echo \"--------------------------------\"\n                echo \"Check the arguments ...\"\n                \n                ##检查模拟器编译是否允许上传符号\n                if [ \"$EFFECTIVE_PLATFORM_NAME\" == \"-iphonesimulator\" ]; then\n                if [ $UPLOAD_SIMULATOR_SYMBOLS -eq 0 ]; then\n                exitWithMessage \"Warning: Build for simulator and skipping to upload. \\nYou can modify 'UPLOAD_SIMULATOR_SYMBOLS' to 1 in the script.\" 0\n                fi\n                fi\n                \n                ##检查是否是Release模式编译\n                if [ \"${CONFIGURATION=}\" == \"Debug\" ]; then\n                if [ $UPLOAD_DEBUG_SYMBOLS -eq 0 ]; then\n                exitWithMessage \"Warning: Build for debug mode and skipping to upload. \\nYou can modify 'UPLOAD_DEBUG_SYMBOLS' to 1 in the script.\" 0\n                fi\n                fi\n                \n                ##检查是否Archive操作\n                if [ $UPLOAD_ARCHIVE_ONLY -eq 1 ]; then\n                if [[ \"$TARGET_BUILD_DIR\" == *\"/Archive\"* ]]; then\n                echo \"Archive the package\"\n                else\n                exitWithMessage \"Warning: Build for NOT Archive mode and skipping to upload. \\nYou can modify 'UPLOAD_ARCHIVE_ONLY' to 0 in the script.\" 0\n                fi\n                fi\n                \n                #\n                run ${BUGLY_APP_ID} ${BUGLY_APP_KEY} ${BUNDLE_IDENTIFIER} ${BUGLY_APP_VERSION} ${DWARF_DSYM_FOLDER_PATH} ${BUILD_DIR}/BuglySymbolTemp ${UPLOAD_DSYM_ONLY}\n            }\n            \n            # 根据Xcode的环境变量判断是否处于Xcode环境\n            INFO_PLIST_FILE=\"${INFOPLIST_FILE}\"\n            \n            BuildInXcode=\"F\"\n            if [ -f \"${INFO_PLIST_FILE}\" ]; then\n            BuildInXcode=\"T\"\n            fi\n            \n            if [ $BuildInXcode = \"T\" ]; then\n            runInXcode\n            else\n            echo \"\\nUsage: dSYMUpload.sh <bugly_app_id> <bugly_app_key> <app_bundle_identifier> <app_version> <dSYM_src_dir> <bSYMBOL_dest_dir> [upload_dsym_only]\\n\"\n            # 你可以在此处直接设置BuglyAppID和BuglyAppKey，排除不常变参数的输入\n            BUGLY_APP_ID=\"$1\"\n            BUGLY_APP_KEY=\"$2\"\n            BUNDLE_IDENTIFIER=\"$3\"\n            BUGLY_APP_VERSION=\"$4\"\n            DWARF_DSYM_FOLDER_PATH=\"$5\"\n            SYMBOL_OUTPUT_PATH=\"$6\"\n            UPLOAD_DSYM_ONLY=$7\n            run ${BUGLY_APP_ID} ${BUGLY_APP_KEY} ${BUNDLE_IDENTIFIER} ${BUGLY_APP_VERSION} ${DWARF_DSYM_FOLDER_PATH} ${SYMBOL_OUTPUT_PATH} ${UPLOAD_DSYM_ONLY}\n            fi";
		};
		8767F4EE3793B560DB7DBB24 /* [CP] Copy Pods Resources */ = {
			isa = PBXShellScriptBuildPhase;
			buildActionMask = 2147483647;
			files = (
			);
			inputPaths = (
			);
			name = "[CP] Copy Pods Resources";
			outputPaths = (
			);
			runOnlyForDeploymentPostprocessing = 0;
			shellPath = /bin/sh;
			shellScript = "\"${SRCROOT}/Pods/Target Support Files/Pods-LFMixStreamDemo/Pods-LFMixStreamDemo-resources.sh\"\n";
			showEnvVarsInLog = 0;
		};
		991B351A579C7F665A035EDF /* [CP] Check Pods Manifest.lock */ = {
			isa = PBXShellScriptBuildPhase;
			buildActionMask = 2147483647;
			files = (
			);
			inputPaths = (
			);
			name = "[CP] Check Pods Manifest.lock";
			outputPaths = (
			);
			runOnlyForDeploymentPostprocessing = 0;
			shellPath = /bin/sh;
			shellScript = "diff \"${PODS_ROOT}/../Podfile.lock\" \"${PODS_ROOT}/Manifest.lock\" > /dev/null\nif [ $? != 0 ] ; then\n    # print error to STDERR\n    echo \"error: The sandbox is not in sync with the Podfile.lock. Run 'pod install' or update your CocoaPods installation.\" >&2\n    exit 1\nfi\n";
			showEnvVarsInLog = 0;
		};
/* End PBXShellScriptBuildPhase section */

/* Begin PBXSourcesBuildPhase section */
		844BCB8C1D86D72E00CC357C /* Sources */ = {
			isa = PBXSourcesBuildPhase;
			buildActionMask = 2147483647;
			files = (
				844BCB9B1D86D72E00CC357C /* ViewController.m in Sources */,
				84FF81371D87C71600E6635E /* LFLogTestView.m in Sources */,
				844BCB981D86D72E00CC357C /* AppDelegate.m in Sources */,
				B6079E821F3AC47A00DE3FFC /* LFSessionTestView.m in Sources */,
				F84F38D31E9C76FA00F4ABDF /* InitViewController.m in Sources */,
				84FF810C1D87932C00E6635E /* LFPlayerTestView.m in Sources */,
				844BCB951D86D72E00CC357C /* main.m in Sources */,
				837BCCCB1EBDEDF000F2F27E /* PlayerDelegate.m in Sources */,
				F84F38D01E9C6C1B00F4ABDF /* MainViewController.m in Sources */,
			);
			runOnlyForDeploymentPostprocessing = 0;
		};
/* End PBXSourcesBuildPhase section */

/* Begin PBXVariantGroup section */
		844BCB9C1D86D72E00CC357C /* Main.storyboard */ = {
			isa = PBXVariantGroup;
			children = (
				844BCB9D1D86D72E00CC357C /* Base */,
			);
			name = Main.storyboard;
			sourceTree = "<group>";
		};
		844BCBA11D86D72E00CC357C /* LaunchScreen.storyboard */ = {
			isa = PBXVariantGroup;
			children = (
				844BCBA21D86D72E00CC357C /* Base */,
			);
			name = LaunchScreen.storyboard;
			sourceTree = "<group>";
		};
/* End PBXVariantGroup section */

/* Begin XCBuildConfiguration section */
		844BCBA51D86D72E00CC357C /* Debug */ = {
			isa = XCBuildConfiguration;
			buildSettings = {
				ALWAYS_SEARCH_USER_PATHS = NO;
				CLANG_ANALYZER_NONNULL = YES;
				CLANG_CXX_LANGUAGE_STANDARD = "gnu++0x";
				CLANG_CXX_LIBRARY = "libc++";
				CLANG_ENABLE_MODULES = YES;
				CLANG_ENABLE_OBJC_ARC = YES;
				CLANG_WARN_BOOL_CONVERSION = YES;
				CLANG_WARN_CONSTANT_CONVERSION = YES;
				CLANG_WARN_DIRECT_OBJC_ISA_USAGE = YES_ERROR;
				CLANG_WARN_EMPTY_BODY = YES;
				CLANG_WARN_ENUM_CONVERSION = YES;
				CLANG_WARN_INT_CONVERSION = YES;
				CLANG_WARN_OBJC_ROOT_CLASS = YES_ERROR;
				CLANG_WARN_UNREACHABLE_CODE = YES;
				CLANG_WARN__DUPLICATE_METHOD_MATCH = YES;
				"CODE_SIGN_IDENTITY[sdk=iphoneos*]" = "iPhone Developer";
				COPY_PHASE_STRIP = NO;
				DEBUG_INFORMATION_FORMAT = dwarf;
				ENABLE_STRICT_OBJC_MSGSEND = YES;
				ENABLE_TESTABILITY = YES;
				GCC_C_LANGUAGE_STANDARD = gnu99;
				GCC_DYNAMIC_NO_PIC = NO;
				GCC_NO_COMMON_BLOCKS = YES;
				GCC_OPTIMIZATION_LEVEL = 0;
				GCC_PREPROCESSOR_DEFINITIONS = (
					"DEBUG=1",
					"$(inherited)",
				);
				GCC_WARN_64_TO_32_BIT_CONVERSION = YES;
				GCC_WARN_ABOUT_RETURN_TYPE = YES_ERROR;
				GCC_WARN_UNDECLARED_SELECTOR = YES;
				GCC_WARN_UNINITIALIZED_AUTOS = YES_AGGRESSIVE;
				GCC_WARN_UNUSED_FUNCTION = YES;
				GCC_WARN_UNUSED_VARIABLE = YES;
				IPHONEOS_DEPLOYMENT_TARGET = 8.0;
				MTL_ENABLE_DEBUG_INFO = YES;
				ONLY_ACTIVE_ARCH = YES;
				OTHER_LDFLAGS = "";
				SDKROOT = iphoneos;
			};
			name = Debug;
		};
		844BCBA61D86D72E00CC357C /* Release */ = {
			isa = XCBuildConfiguration;
			buildSettings = {
				ALWAYS_SEARCH_USER_PATHS = NO;
				CLANG_ANALYZER_NONNULL = YES;
				CLANG_CXX_LANGUAGE_STANDARD = "gnu++0x";
				CLANG_CXX_LIBRARY = "libc++";
				CLANG_ENABLE_MODULES = YES;
				CLANG_ENABLE_OBJC_ARC = YES;
				CLANG_WARN_BOOL_CONVERSION = YES;
				CLANG_WARN_CONSTANT_CONVERSION = YES;
				CLANG_WARN_DIRECT_OBJC_ISA_USAGE = YES_ERROR;
				CLANG_WARN_EMPTY_BODY = YES;
				CLANG_WARN_ENUM_CONVERSION = YES;
				CLANG_WARN_INT_CONVERSION = YES;
				CLANG_WARN_OBJC_ROOT_CLASS = YES_ERROR;
				CLANG_WARN_UNREACHABLE_CODE = YES;
				CLANG_WARN__DUPLICATE_METHOD_MATCH = YES;
				"CODE_SIGN_IDENTITY[sdk=iphoneos*]" = "iPhone Developer";
				COPY_PHASE_STRIP = NO;
				DEBUG_INFORMATION_FORMAT = "dwarf-with-dsym";
				ENABLE_NS_ASSERTIONS = NO;
				ENABLE_STRICT_OBJC_MSGSEND = YES;
				GCC_C_LANGUAGE_STANDARD = gnu99;
				GCC_NO_COMMON_BLOCKS = YES;
				GCC_WARN_64_TO_32_BIT_CONVERSION = YES;
				GCC_WARN_ABOUT_RETURN_TYPE = YES_ERROR;
				GCC_WARN_UNDECLARED_SELECTOR = YES;
				GCC_WARN_UNINITIALIZED_AUTOS = YES_AGGRESSIVE;
				GCC_WARN_UNUSED_FUNCTION = YES;
				GCC_WARN_UNUSED_VARIABLE = YES;
				IPHONEOS_DEPLOYMENT_TARGET = 8.0;
				MTL_ENABLE_DEBUG_INFO = NO;
				OTHER_LDFLAGS = "";
				SDKROOT = iphoneos;
				VALIDATE_PRODUCT = YES;
			};
			name = Release;
		};
		844BCBA81D86D72E00CC357C /* Debug */ = {
			isa = XCBuildConfiguration;
			baseConfigurationReference = 62E52F7B76398AD9FC6E95B8 /* Pods-LFMixStreamDemo.debug.xcconfig */;
			buildSettings = {
				ASSETCATALOG_COMPILER_APPICON_NAME = AppIcon;
				CODE_SIGN_IDENTITY = "iPhone Developer";
				"CODE_SIGN_IDENTITY[sdk=iphoneos*]" = "iPhone Developer";
				DEBUG_INFORMATION_FORMAT = "dwarf-with-dsym";
				DEFINES_MODULE = YES;
				DEVELOPMENT_TEAM = AFHC6567GP;
				ENABLE_BITCODE = NO;
				FRAMEWORK_SEARCH_PATHS = "$(inherited)";
				HEADER_SEARCH_PATHS = (
					"$(inherited)",
					"\"${PODS_ROOT}/Headers/Public\"",
					"\"${PODS_ROOT}/Headers/Public/YYKit\"",
				);
				INFOPLIST_FILE = LFMixStreamDemo/Info.plist;
				IPHONEOS_DEPLOYMENT_TARGET = 8.0;
				LD_RUNPATH_SEARCH_PATHS = "$(inherited) @executable_path/Frameworks";
				LIBRARY_SEARCH_PATHS = (
					"$(inherited)",
					"\"$PODS_CONFIGURATION_BUILD_DIR/YYKit\"",
					"$(PROJECT_DIR)",
				);
				PRODUCT_BUNDLE_IDENTIFIER = com.youku.laifengrtc;
				PRODUCT_NAME = LFRTPDemo;
				PROVISIONING_PROFILE = "";
				PROVISIONING_PROFILE_SPECIFIER = "";
				SWIFT_VERSION = 3.0;
				TARGETED_DEVICE_FAMILY = 1;
			};
			name = Debug;
		};
		844BCBA91D86D72E00CC357C /* Release */ = {
			isa = XCBuildConfiguration;
			baseConfigurationReference = C799DA7166B27F3B5EC18738 /* Pods-LFMixStreamDemo.release.xcconfig */;
			buildSettings = {
				ASSETCATALOG_COMPILER_APPICON_NAME = AppIcon;
				CODE_SIGN_IDENTITY = "iPhone Developer";
				"CODE_SIGN_IDENTITY[sdk=iphoneos*]" = "iPhone Developer";
				DEBUG_INFORMATION_FORMAT = "dwarf-with-dsym";
				DEFINES_MODULE = YES;
				DEVELOPMENT_TEAM = AFHC6567GP;
				ENABLE_BITCODE = NO;
				FRAMEWORK_SEARCH_PATHS = "$(inherited)";
				HEADER_SEARCH_PATHS = (
					"$(inherited)",
					"\"${PODS_ROOT}/Headers/Public\"",
					"\"${PODS_ROOT}/Headers/Public/YYKit\"",
				);
				INFOPLIST_FILE = LFMixStreamDemo/Info.plist;
				IPHONEOS_DEPLOYMENT_TARGET = 8.0;
				LD_RUNPATH_SEARCH_PATHS = "$(inherited) @executable_path/Frameworks";
				LIBRARY_SEARCH_PATHS = (
					"$(inherited)",
					"\"$PODS_CONFIGURATION_BUILD_DIR/YYKit\"",
					"$(PROJECT_DIR)",
				);
				PRODUCT_BUNDLE_IDENTIFIER = com.youku.laifengrtc;
				PRODUCT_NAME = LFRTPDemo;
				PROVISIONING_PROFILE = "";
				PROVISIONING_PROFILE_SPECIFIER = "";
				SWIFT_VERSION = 3.0;
				TARGETED_DEVICE_FAMILY = 1;
			};
			name = Release;
		};
/* End XCBuildConfiguration section */

/* Begin XCConfigurationList section */
		844BCB8B1D86D72E00CC357C /* Build configuration list for PBXProject "LFMixStreamDemo" */ = {
			isa = XCConfigurationList;
			buildConfigurations = (
				844BCBA51D86D72E00CC357C /* Debug */,
				844BCBA61D86D72E00CC357C /* Release */,
			);
			defaultConfigurationIsVisible = 0;
			defaultConfigurationName = Release;
		};
		844BCBA71D86D72E00CC357C /* Build configuration list for PBXNativeTarget "LFMixStreamDemo" */ = {
			isa = XCConfigurationList;
			buildConfigurations = (
				844BCBA81D86D72E00CC357C /* Debug */,
				844BCBA91D86D72E00CC357C /* Release */,
			);
			defaultConfigurationIsVisible = 0;
			defaultConfigurationName = Release;
		};
/* End XCConfigurationList section */
	};
	rootObject = 844BCB881D86D72E00CC357C /* Project object */;
}
